
Microsoft Visual Studio Solution File, Format Version 12.00
# Visual Studio Version 17
VisualStudioVersion = 17.8.34511.84
MinimumVisualStudioVersion = 10.0.40219.1
Project("{888888A0-9F3D-457C-B088-3A5042F75D52}") = "CodeAlpha_Basic_Network_Sniffer", "CodeAlpha_Basic_Network_Sniffer\CodeAlpha_Basic_Network_Sniffer.pyproj", "{94AE6324-3325-4CF8-BB4F-90E29F926EAE}"
EndProject
Global
	GlobalSection(SolutionConfigurationPlatforms) = preSolution
		Debug|Any CPU = Debug|Any CPU
		Release|Any CPU = Release|Any CPU
	EndGlobalSection
	GlobalSection(ProjectConfigurationPlatforms) = postSolution
		{94AE6324-3325-4CF8-BB4F-90E29F926EAE}.Debug|Any CPU.ActiveCfg = Debug|Any CPU
		{94AE6324-3325-4CF8-BB4F-90E29F926EAE}.Release|Any CPU.ActiveCfg = Release|Any CPU
	EndGlobalSection
	GlobalSection(SolutionProperties) = preSolution
		HideSolutionNode = FALSE
	EndGlobalSection
	GlobalSection(ExtensibilityGlobals) = postSolution
		SolutionGuid = {73552491-DC5C-4F94-AC0A-2337EEC65E73}
	EndGlobalSection
EndGlobal
